
Microsoft Visual Studio Solution File, Format Version 12.00
# Visual Studio Version 17
VisualStudioVersion = 17.0.32112.339
MinimumVisualStudioVersion = 10.0.40219.1
Project("{9A19103F-16F7-4668-BE54-9A1E7A4F7556}") = "WebApps.CRUD", "WebApps.CRUD\WebApps.CRUD.csproj", "{5D55FEC3-F723-4D1F-BC43-10ECD6ED0EB5}"
EndProject
Project("{FAE04EC0-301F-11D3-BF4B-00C04F79EFBC}") = "WebAppsConsumeApi.CRUD", "WebAppsConsumeApi.CRUD\WebAppsConsumeApi.CRUD.csproj", "{40856B46-0119-447F-8892-78D3A3BD8646}"
EndProject
Global
	GlobalSection(SolutionConfigurationPlatforms) = preSolution
		Debug|Any CPU = Debug|Any CPU
		Release|Any CPU = Release|Any CPU
	EndGlobalSection
	GlobalSection(ProjectConfigurationPlatforms) = postSolution
		{5D55FEC3-F723-4D1F-BC43-10ECD6ED0EB5}.Debug|Any CPU.ActiveCfg = Debug|Any CPU
		{5D55FEC3-F723-4D1F-BC43-10ECD6ED0EB5}.Debug|Any CPU.Build.0 = Debug|Any CPU
		{5D55FEC3-F723-4D1F-BC43-10ECD6ED0EB5}.Release|Any CPU.ActiveCfg = Release|Any CPU
		{5D55FEC3-F723-4D1F-BC43-10ECD6ED0EB5}.Release|Any CPU.Build.0 = Release|Any CPU
		{40856B46-0119-447F-8892-78D3A3BD8646}.Debug|Any CPU.ActiveCfg = Debug|Any CPU
		{40856B46-0119-447F-8892-78D3A3BD8646}.Debug|Any CPU.Build.0 = Debug|Any CPU
		{40856B46-0119-447F-8892-78D3A3BD8646}.Release|Any CPU.ActiveCfg = Release|Any CPU
		{40856B46-0119-447F-8892-78D3A3BD8646}.Release|Any CPU.Build.0 = Release|Any CPU
	EndGlobalSection
	GlobalSection(SolutionProperties) = preSolution
		HideSolutionNode = FALSE
	EndGlobalSection
	GlobalSection(ExtensibilityGlobals) = postSolution
		SolutionGuid = {503F4CF7-E568-40D4-8D96-1E175144293F}
	EndGlobalSection
EndGlobal
